
Microsoft Visual Studio Solution File, Format Version 12.00
# Visual Studio Version 17
VisualStudioVersion = 17.6.33815.320
MinimumVisualStudioVersion = 10.0.40219.1
Project("{FAE04EC0-301F-11D3-BF4B-00C04F79EFBC}") = "ThreeTierDemo.UI", "ThreeTierDemo.UI\ThreeTierDemo.UI.csproj", "{56AAB711-7E81-4F40-91CF-B7C68913F1E2}"
EndProject
Project("{FAE04EC0-301F-11D3-BF4B-00C04F79EFBC}") = "ThreeTierDemo.DAL", "ThreeTierDemo.DAL\ThreeTierDemo.DAL.csproj", "{FCEE6381-3AD2-4C4B-8218-E9F09466ABF4}"
EndProject
Project("{FAE04EC0-301F-11D3-BF4B-00C04F79EFBC}") = "ThreeTierDemo.BLL", "ThreeTierDemo.BLL\ThreeTierDemo.BLL.csproj", "{82FD8C45-095F-497D-BB82-9CB31D7713CB}"
EndProject
Global
	GlobalSection(SolutionConfigurationPlatforms) = preSolution
		Debug|Any CPU = Debug|Any CPU
		Release|Any CPU = Release|Any CPU
	EndGlobalSection
	GlobalSection(ProjectConfigurationPlatforms) = postSolution
		{56AAB711-7E81-4F40-91CF-B7C68913F1E2}.Debug|Any CPU.ActiveCfg = Debug|Any CPU
		{56AAB711-7E81-4F40-91CF-B7C68913F1E2}.Debug|Any CPU.Build.0 = Debug|Any CPU
		{56AAB711-7E81-4F40-91CF-B7C68913F1E2}.Release|Any CPU.ActiveCfg = Release|Any CPU
		{56AAB711-7E81-4F40-91CF-B7C68913F1E2}.Release|Any CPU.Build.0 = Release|Any CPU
		{FCEE6381-3AD2-4C4B-8218-E9F09466ABF4}.Debug|Any CPU.ActiveCfg = Debug|Any CPU
		{FCEE6381-3AD2-4C4B-8218-E9F09466ABF4}.Debug|Any CPU.Build.0 = Debug|Any CPU
		{FCEE6381-3AD2-4C4B-8218-E9F09466ABF4}.Release|Any CPU.ActiveCfg = Release|Any CPU
		{FCEE6381-3AD2-4C4B-8218-E9F09466ABF4}.Release|Any CPU.Build.0 = Release|Any CPU
		{82FD8C45-095F-497D-BB82-9CB31D7713CB}.Debug|Any CPU.ActiveCfg = Debug|Any CPU
		{82FD8C45-095F-497D-BB82-9CB31D7713CB}.Debug|Any CPU.Build.0 = Debug|Any CPU
		{82FD8C45-095F-497D-BB82-9CB31D7713CB}.Release|Any CPU.ActiveCfg = Release|Any CPU
		{82FD8C45-095F-497D-BB82-9CB31D7713CB}.Release|Any CPU.Build.0 = Release|Any CPU
	EndGlobalSection
	GlobalSection(SolutionProperties) = preSolution
		HideSolutionNode = FALSE
	EndGlobalSection
	GlobalSection(ExtensibilityGlobals) = postSolution
		SolutionGuid = {5CBA255E-8702-4B6E-B0A8-3C633050DCE2}
	EndGlobalSection
EndGlobal
